
Microsoft Visual Studio Solution File, Format Version 12.00
# Visual Studio Version 17
VisualStudioVersion = 17.3.32929.385
MinimumVisualStudioVersion = 10.0.40219.1
Project("{8BC9CEB8-8B4A-11D0-8D11-00A0C91BC942}") = "RadioMgrConsole", "RadioMgrConsole\RadioMgrConsole.vcxproj", "{977DA9E7-1837-45BC-957C-A07D395D9E13}"
EndProject
Project("{8BC9CEB8-8B4A-11D0-8D11-00A0C91BC942}") = "btsw", "btsw\btsw.vcxproj", "{0BC7EAE8-34D1-451E-B19D-8E719010E486}"
EndProject
Project("{8BC9CEB8-8B4A-11D0-8D11-00A0C91BC942}") = "btswwin", "btswwin\btswwin.vcxproj", "{EAD8FF3B-1C62-4E18-9F5A-6912084CBFE9}"
EndProject
Project("{8BC9CEB8-8B4A-11D0-8D11-00A0C91BC942}") = "evmon", "evmon\evmon.vcxproj", "{8E47847A-13B1-4ADC-A604-345BDD652F87}"
EndProject
Global
	GlobalSection(SolutionConfigurationPlatforms) = preSolution
		Debug|x64 = Debug|x64
		Debug|x86 = Debug|x86
		Release|x64 = Release|x64
		Release|x86 = Release|x86
	EndGlobalSection
	GlobalSection(ProjectConfigurationPlatforms) = postSolution
		{977DA9E7-1837-45BC-957C-A07D395D9E13}.Debug|x64.ActiveCfg = Debug|x64
		{977DA9E7-1837-45BC-957C-A07D395D9E13}.Debug|x64.Build.0 = Debug|x64
		{977DA9E7-1837-45BC-957C-A07D395D9E13}.Debug|x86.ActiveCfg = Debug|Win32
		{977DA9E7-1837-45BC-957C-A07D395D9E13}.Debug|x86.Build.0 = Debug|Win32
		{977DA9E7-1837-45BC-957C-A07D395D9E13}.Release|x64.ActiveCfg = Release|x64
		{977DA9E7-1837-45BC-957C-A07D395D9E13}.Release|x64.Build.0 = Release|x64
		{977DA9E7-1837-45BC-957C-A07D395D9E13}.Release|x86.ActiveCfg = Release|Win32
		{977DA9E7-1837-45BC-957C-A07D395D9E13}.Release|x86.Build.0 = Release|Win32
		{0BC7EAE8-34D1-451E-B19D-8E719010E486}.Debug|x64.ActiveCfg = Debug|x64
		{0BC7EAE8-34D1-451E-B19D-8E719010E486}.Debug|x64.Build.0 = Debug|x64
		{0BC7EAE8-34D1-451E-B19D-8E719010E486}.Debug|x86.ActiveCfg = Debug|Win32
		{0BC7EAE8-34D1-451E-B19D-8E719010E486}.Debug|x86.Build.0 = Debug|Win32
		{0BC7EAE8-34D1-451E-B19D-8E719010E486}.Release|x64.ActiveCfg = Release|x64
		{0BC7EAE8-34D1-451E-B19D-8E719010E486}.Release|x64.Build.0 = Release|x64
		{0BC7EAE8-34D1-451E-B19D-8E719010E486}.Release|x86.ActiveCfg = Release|Win32
		{0BC7EAE8-34D1-451E-B19D-8E719010E486}.Release|x86.Build.0 = Release|Win32
		{EAD8FF3B-1C62-4E18-9F5A-6912084CBFE9}.Debug|x64.ActiveCfg = Debug|x64
		{EAD8FF3B-1C62-4E18-9F5A-6912084CBFE9}.Debug|x64.Build.0 = Debug|x64
		{EAD8FF3B-1C62-4E18-9F5A-6912084CBFE9}.Debug|x86.ActiveCfg = Debug|Win32
		{EAD8FF3B-1C62-4E18-9F5A-6912084CBFE9}.Debug|x86.Build.0 = Debug|Win32
		{EAD8FF3B-1C62-4E18-9F5A-6912084CBFE9}.Release|x64.ActiveCfg = Release|x64
		{EAD8FF3B-1C62-4E18-9F5A-6912084CBFE9}.Release|x64.Build.0 = Release|x64
		{EAD8FF3B-1C62-4E18-9F5A-6912084CBFE9}.Release|x86.ActiveCfg = Release|Win32
		{EAD8FF3B-1C62-4E18-9F5A-6912084CBFE9}.Release|x86.Build.0 = Release|Win32
		{8E47847A-13B1-4ADC-A604-345BDD652F87}.Debug|x64.ActiveCfg = Debug|x64
		{8E47847A-13B1-4ADC-A604-345BDD652F87}.Debug|x64.Build.0 = Debug|x64
		{8E47847A-13B1-4ADC-A604-345BDD652F87}.Debug|x86.ActiveCfg = Debug|Win32
		{8E47847A-13B1-4ADC-A604-345BDD652F87}.Debug|x86.Build.0 = Debug|Win32
		{8E47847A-13B1-4ADC-A604-345BDD652F87}.Release|x64.ActiveCfg = Release|x64
		{8E47847A-13B1-4ADC-A604-345BDD652F87}.Release|x64.Build.0 = Release|x64
		{8E47847A-13B1-4ADC-A604-345BDD652F87}.Release|x86.ActiveCfg = Release|Win32
		{8E47847A-13B1-4ADC-A604-345BDD652F87}.Release|x86.Build.0 = Release|Win32
	EndGlobalSection
	GlobalSection(SolutionProperties) = preSolution
		HideSolutionNode = FALSE
	EndGlobalSection
	GlobalSection(ExtensibilityGlobals) = postSolution
		SolutionGuid = {98FD71EB-E983-4CBC-BDCA-87064BC381BE}
	EndGlobalSection
EndGlobal
