<?xml version="1.0" encoding="utf-8"?>
<Project ToolsVersion="4.0" xmlns="http://schemas.microsoft.com/developer/msbuild/2003">
  <ItemGroup>
    <Filter Include="Resource Files">
      <UniqueIdentifier>{67DA6AB6-F800-4c08-8B7A-83BB121AAD01}</UniqueIdentifier>
      <Extensions>rc;ico;cur;bmp;dlg;rc2;rct;bin;rgs;gif;jpg;jpeg;jpe;resx;tiff;tif;png;wav;mfcribbon-ms</Extensions>
    </Filter>
    <Filter Include="Bluetooth">
      <UniqueIdentifier>{f4b421cd-63a4-4446-93ac-6d2aec71130c}</UniqueIdentifier>
    </Filter>
    <Filter Include="Network">
      <UniqueIdentifier>{e0d40ec2-3acc-4ccd-af48-9b94740a528f}</UniqueIdentifier>
    </Filter>
    <Filter Include="Settings">
      <UniqueIdentifier>{fe1453ab-0523-468c-b7ff-6fa21739e9d9}</UniqueIdentifier>
    </Filter>
  </ItemGroup>
  <ItemGroup>
    <ClInclude Include="AboutDlg.h" />
    <ClInclude Include="..\Common\Assert.h" />
    <ClInclude Include="btswwin.h" />
    <ClInclude Include="btswwinDlg.h" />
    <ClInclude Include="framework.h" />
    <ClInclude Include="pch.h" />
    <ClInclude Include="Resource.h" />
    <ClInclude Include="ResourceReader.h" />
    <ClInclude Include="ValueName.h" />
    <ClInclude Include="Bluetooth\BluetoothDeviceList.h">
      <Filter>Bluetooth</Filter>
    </ClInclude>
    <ClInclude Include="Bluetooth\ItemList.h">
      <Filter>Bluetooth</Filter>
    </ClInclude>
    <ClInclude Include="Bluetooth\RadioInstanceList.h">
      <Filter>Bluetooth</Filter>
    </ClInclude>
    <ClInclude Include="Bluetooth\RadioNotifyListener.h">
      <Filter>Bluetooth</Filter>
    </ClInclude>
    <ClInclude Include="Network\Net.h">
      <Filter>Network</Filter>
    </ClInclude>
    <ClInclude Include="Network\RasDial.h">
      <Filter>Network</Filter>
    </ClInclude>
    <ClInclude Include="Network\WLan.h">
      <Filter>Network</Filter>
    </ClInclude>
    <ClInclude Include="Settings\MySettings.h">
      <Filter>Settings</Filter>
    </ClInclude>
    <ClInclude Include="Settings\Settings.h">
      <Filter>Settings</Filter>
    </ClInclude>
    <ClInclude Include="Settings\SettingsDlg.h">
      <Filter>Settings</Filter>
    </ClInclude>
    <ClInclude Include="Settings\BluetoothTabItem.h">
      <Filter>Settings</Filter>
    </ClInclude>
    <ClInclude Include="Settings\MiscTabItem.h">
      <Filter>Settings</Filter>
    </ClInclude>
    <ClInclude Include="Settings\NetworkTabItem.h">
      <Filter>Settings</Filter>
    </ClInclude>
    <ClInclude Include="Settings\TabItem.h">
      <Filter>Settings</Filter>
    </ClInclude>
    <ClInclude Include="Settings\RegistryKey.h" />
  </ItemGroup>
  <ItemGroup>
    <ClCompile Include="AboutDlg.cpp" />
    <ClCompile Include="..\Common\Assert.cpp" />
    <ClCompile Include="btswwin.cpp" />
    <ClCompile Include="btswwinDlg.cpp" />
    <ClCompile Include="pch.cpp" />
    <ClCompile Include="ResourceReader.cpp" />
    <ClCompile Include="ValueName.cpp" />
    <ClCompile Include="Bluetooth\BluetoothDeviceList.cpp">
      <Filter>Bluetooth</Filter>
    </ClCompile>
    <ClCompile Include="Bluetooth\ItemList.cpp">
      <Filter>Bluetooth</Filter>
    </ClCompile>
    <ClCompile Include="Bluetooth\RadioInstanceList.cpp">
      <Filter>Bluetooth</Filter>
    </ClCompile>
    <ClCompile Include="Bluetooth\RadioNotifyListener.cpp">
      <Filter>Bluetooth</Filter>
    </ClCompile>
    <ClCompile Include="Network\Net.cpp">
      <Filter>Network</Filter>
    </ClCompile>
    <ClCompile Include="Network\RasDial.cpp">
      <Filter>Network</Filter>
    </ClCompile>
    <ClCompile Include="Network\WLan.cpp">
      <Filter>Network</Filter>
    </ClCompile>
    <ClCompile Include="Settings\MySettings.cpp">
      <Filter>Settings</Filter>
    </ClCompile>
    <ClCompile Include="Settings\Settings.cpp">
      <Filter>Settings</Filter>
    </ClCompile>
    <ClCompile Include="Settings\SettingsDlg.cpp">
      <Filter>Settings</Filter>
    </ClCompile>
    <ClCompile Include="Settings\BluetoothTabItem.cpp">
      <Filter>Settings</Filter>
    </ClCompile>
    <ClCompile Include="Settings\MiscTabItem.cpp">
      <Filter>Settings</Filter>
    </ClCompile>
    <ClCompile Include="Settings\NetworkTabItem.cpp">
      <Filter>Settings</Filter>
    </ClCompile>
    <ClCompile Include="Settings\TabItem.cpp">
      <Filter>Settings</Filter>
    </ClCompile>
    <ClCompile Include="Settings\RegistryKey.cpp" />
  </ItemGroup>
  <ItemGroup>
    <ResourceCompile Include="btswwin.rc">
      <Filter>Resource Files</Filter>
    </ResourceCompile>
  </ItemGroup>
  <ItemGroup>
    <None Include="res\btswwin.rc2">
      <Filter>Resource Files</Filter>
    </None>
    <None Include="packages.config" />
  </ItemGroup>
  <ItemGroup>
    <Image Include="res\btswwin.ico">
      <Filter>Resource Files</Filter>
    </Image>
    <Image Include="res\RadioOn.bmp">
      <Filter>Resource Files</Filter>
    </Image>
    <Image Include="res\RadioOff.bmp">
      <Filter>Resource Files</Filter>
    </Image>
    <Image Include="res\DeviceConnected.bmp">
      <Filter>Resource Files</Filter>
    </Image>
    <Image Include="res\DeviceDisconnected.bmp">
      <Filter>Resource Files</Filter>
    </Image>
    <Image Include="res\DeviceConnectedOverlay.bmp">
      <Filter>Resource Files</Filter>
    </Image>
    <Image Include="res\DeviceHeadphone.bmp">
      <Filter>Resource Files</Filter>
    </Image>
    <Image Include="res\WearableHeadset.bmp">
      <Filter>Resource Files</Filter>
    </Image>
    <Image Include="res\LaptopComputer.bmp">
      <Filter>Resource Files</Filter>
    </Image>
    <Image Include="res\UnknownDevice.bmp">
      <Filter>Resource Files</Filter>
    </Image>
  </ItemGroup>
  <ItemGroup>
    <Xml Include="log4cxx.config.xml" />
  </ItemGroup>
</Project>